
Microsoft Visual Studio Solution File, Format Version 12.00
# Visual Studio Version 16
VisualStudioVersion = 16.0.31702.278
MinimumVisualStudioVersion = 10.0.40219.1
Project("{FAE04EC0-301F-11D3-BF4B-00C04F79EFBC}") = "Task1V2", "Task1V2\Task1V2.csproj", "{93639692-2028-479C-AEFE-DF237007FB5F}"
EndProject
Global
	GlobalSection(SolutionConfigurationPlatforms) = preSolution
		Debug|Any CPU = Debug|Any CPU
		Release|Any CPU = Release|Any CPU
	EndGlobalSection
	GlobalSection(ProjectConfigurationPlatforms) = postSolution
		{93639692-2028-479C-AEFE-DF237007FB5F}.Debug|Any CPU.ActiveCfg = Debug|Any CPU
		{93639692-2028-479C-AEFE-DF237007FB5F}.Debug|Any CPU.Build.0 = Debug|Any CPU
		{93639692-2028-479C-AEFE-DF237007FB5F}.Release|Any CPU.ActiveCfg = Release|Any CPU
		{93639692-2028-479C-AEFE-DF237007FB5F}.Release|Any CPU.Build.0 = Release|Any CPU
	EndGlobalSection
	GlobalSection(SolutionProperties) = preSolution
		HideSolutionNode = FALSE
	EndGlobalSection
	GlobalSection(ExtensibilityGlobals) = postSolution
		SolutionGuid = {0EE5D1F2-27F6-47BB-9BB0-1CCD4B8B2C35}
	EndGlobalSection
EndGlobal
